// !$*UTF8*$!
{
	archiveVersion = 1;
	classes = {
	};
	objectVersion = 50;
	objects = {

/* Begin PBXBuildFile section */
		E1C48D2E21FBE4B10036069C /* AppDelegate.swift in Sources */ = {isa = PBXBuildFile; fileRef = E1C48D2D21FBE4B10036069C /* AppDelegate.swift */; };
		E1C48D3321FBE4B10036069C /* Main.storyboard in Resources */ = {isa = PBXBuildFile; fileRef = E1C48D3121FBE4B10036069C /* Main.storyboard */; };
		E1C48D3521FBE4B30036069C /* Assets.xcassets in Resources */ = {isa = PBXBuildFile; fileRef = E1C48D3421FBE4B30036069C /* Assets.xcassets */; };
		E1C48D3821FBE4B30036069C /* LaunchScreen.storyboard in Resources */ = {isa = PBXBuildFile; fileRef = E1C48D3621FBE4B30036069C /* LaunchScreen.storyboard */; };
		E1C48D4321FBE4B30036069C /* ExpensesTests.swift in Sources */ = {isa = PBXBuildFile; fileRef = E1C48D4221FBE4B30036069C /* ExpensesTests.swift */; };
		E1C48D4E21FBE4B30036069C /* ExpensesUITests.swift in Sources */ = {isa = PBXBuildFile; fileRef = E1C48D4D21FBE4B30036069C /* ExpensesUITests.swift */; };
		E1C48D5C21FBE8CB0036069C /* ExpensesEventViewController.swift in Sources */ = {isa = PBXBuildFile; fileRef = E1C48D5B21FBE8CB0036069C /* ExpensesEventViewController.swift */; };
		E1C48D5E21FBEF330036069C /* ExpensesTableViewCell.swift in Sources */ = {isa = PBXBuildFile; fileRef = E1C48D5D21FBEF330036069C /* ExpensesTableViewCell.swift */; };
		E1C48D6821FBF9F80036069C /* Expenses.swift in Sources */ = {isa = PBXBuildFile; fileRef = E1C48D6721FBF9F80036069C /* Expenses.swift */; };
/* End PBXBuildFile section */

/* Begin PBXContainerItemProxy section */
		E1C48D3F21FBE4B30036069C /* PBXContainerItemProxy */ = {
			isa = PBXContainerItemProxy;
			containerPortal = E1C48D2221FBE4B10036069C /* Project object */;
			proxyType = 1;
			remoteGlobalIDString = E1C48D2921FBE4B10036069C;
			remoteInfo = Expenses;
		};
		E1C48D4A21FBE4B30036069C /* PBXContainerItemProxy */ = {
			isa = PBXContainerItemProxy;
			containerPortal = E1C48D2221FBE4B10036069C /* Project object */;
			proxyType = 1;
			remoteGlobalIDString = E1C48D2921FBE4B10036069C;
			remoteInfo = Expenses;
		};
/* End PBXContainerItemProxy section */

/* Begin PBXFileReference section */
		E1C48D2A21FBE4B10036069C /* Expenses.app */ = {isa = PBXFileReference; explicitFileType = wrapper.application; includeInIndex = 0; path = Expenses.app; sourceTree = BUILT_PRODUCTS_DIR; };
		E1C48D2D21FBE4B10036069C /* AppDelegate.swift */ = {isa = PBXFileReference; lastKnownFileType = sourcecode.swift; path = AppDelegate.swift; sourceTree = "<group>"; };
		E1C48D3221FBE4B10036069C /* Base */ = {isa = PBXFileReference; lastKnownFileType = file.storyboard; name = Base; path = Base.lproj/Main.storyboard; sourceTree = "<group>"; };
		E1C48D3421FBE4B30036069C /* Assets.xcassets */ = {isa = PBXFileReference; lastKnownFileType = folder.assetcatalog; path = Assets.xcassets; sourceTree = "<group>"; };
		E1C48D3721FBE4B30036069C /* Base */ = {isa = PBXFileReference; lastKnownFileType = file.storyboard; name = Base; path = Base.lproj/LaunchScreen.storyboard; sourceTree = "<group>"; };
		E1C48D3921FBE4B30036069C /* Info.plist */ = {isa = PBXFileReference; lastKnownFileType = text.plist.xml; path = Info.plist; sourceTree = "<group>"; };
		E1C48D3E21FBE4B30036069C /* ExpensesTests.xctest */ = {isa = PBXFileReference; explicitFileType = wrapper.cfbundle; includeInIndex = 0; path = ExpensesTests.xctest; sourceTree = BUILT_PRODUCTS_DIR; };
		E1C48D4221FBE4B30036069C /* ExpensesTests.swift */ = {isa = PBXFileReference; lastKnownFileType = sourcecode.swift; path = ExpensesTests.swift; sourceTree = "<group>"; };
		E1C48D4421FBE4B30036069C /* Info.plist */ = {isa = PBXFileReference; lastKnownFileType = text.plist.xml; path = Info.plist; sourceTree = "<group>"; };
		E1C48D4921FBE4B30036069C /* ExpensesUITests.xctest */ = {isa = PBXFileReference; explicitFileType = wrapper.cfbundle; includeInIndex = 0; path = ExpensesUITests.xctest; sourceTree = BUILT_PRODUCTS_DIR; };
		E1C48D4D21FBE4B30036069C /* ExpensesUITests.swift */ = {isa = PBXFileReference; lastKnownFileType = sourcecode.swift; path = ExpensesUITests.swift; sourceTree = "<group>"; };
		E1C48D4F21FBE4B30036069C /* Info.plist */ = {isa = PBXFileReference; lastKnownFileType = text.plist.xml; path = Info.plist; sourceTree = "<group>"; };
		E1C48D5B21FBE8CB0036069C /* ExpensesEventViewController.swift */ = {isa = PBXFileReference; lastKnownFileType = sourcecode.swift; path = ExpensesEventViewController.swift; sourceTree = "<group>"; };
		E1C48D5D21FBEF330036069C /* ExpensesTableViewCell.swift */ = {isa = PBXFileReference; lastKnownFileType = sourcecode.swift; path = ExpensesTableViewCell.swift; sourceTree = "<group>"; };
		E1C48D6721FBF9F80036069C /* Expenses.swift */ = {isa = PBXFileReference; lastKnownFileType = sourcecode.swift; path = Expenses.swift; sourceTree = "<group>"; };
/* End PBXFileReference section */

/* Begin PBXFrameworksBuildPhase section */
		E1C48D2721FBE4B10036069C /* Frameworks */ = {
			isa = PBXFrameworksBuildPhase;
			buildActionMask = 2147483647;
			files = (
			);
			runOnlyForDeploymentPostprocessing = 0;
		};
		E1C48D3B21FBE4B30036069C /* Frameworks */ = {
			isa = PBXFrameworksBuildPhase;
			buildActionMask = 2147483647;
			files = (
			);
			runOnlyForDeploymentPostprocessing = 0;
		};
		E1C48D4621FBE4B30036069C /* Frameworks */ = {
			isa = PBXFrameworksBuildPhase;
			buildActionMask = 2147483647;
			files = (
			);
			runOnlyForDeploymentPostprocessing = 0;
		};
/* End PBXFrameworksBuildPhase section */

/* Begin PBXGroup section */
		E1C48D2121FBE4B10036069C = {
			isa = PBXGroup;
			children = (
				E1C48D2C21FBE4B10036069C /* Expenses */,
				E1C48D4121FBE4B30036069C /* ExpensesTests */,
				E1C48D4C21FBE4B30036069C /* ExpensesUITests */,
				E1C48D2B21FBE4B10036069C /* Products */,
			);
			sourceTree = "<group>";
		};
		E1C48D2B21FBE4B10036069C /* Products */ = {
			isa = PBXGroup;
			children = (
				E1C48D2A21FBE4B10036069C /* Expenses.app */,
				E1C48D3E21FBE4B30036069C /* ExpensesTests.xctest */,
				E1C48D4921FBE4B30036069C /* ExpensesUITests.xctest */,
			);
			name = Products;
			sourceTree = "<group>";
		};
		E1C48D2C21FBE4B10036069C /* Expenses */ = {
			isa = PBXGroup;
			children = (
				E1C48D6721FBF9F80036069C /* Expenses.swift */,
				E1C48D2D21FBE4B10036069C /* AppDelegate.swift */,
				E1C48D5B21FBE8CB0036069C /* ExpensesEventViewController.swift */,
				E1C48D5D21FBEF330036069C /* ExpensesTableViewCell.swift */,
				E1C48D3121FBE4B10036069C /* Main.storyboard */,
				E1C48D3421FBE4B30036069C /* Assets.xcassets */,
				E1C48D3621FBE4B30036069C /* LaunchScreen.storyboard */,
				E1C48D3921FBE4B30036069C /* Info.plist */,
			);
			path = Expenses;
			sourceTree = "<group>";
		};
		E1C48D4121FBE4B30036069C /* ExpensesTests */ = {
			isa = PBXGroup;
			children = (
				E1C48D4221FBE4B30036069C /* ExpensesTests.swift */,
				E1C48D4421FBE4B30036069C /* Info.plist */,
			);
			path = ExpensesTests;
			sourceTree = "<group>";
		};
		E1C48D4C21FBE4B30036069C /* ExpensesUITests */ = {
			isa = PBXGroup;
			children = (
				E1C48D4D21FBE4B30036069C /* ExpensesUITests.swift */,
				E1C48D4F21FBE4B30036069C /* Info.plist */,
			);
			path = ExpensesUITests;
			sourceTree = "<group>";
		};
/* End PBXGroup section */

/* Begin PBXNativeTarget section */
		E1C48D2921FBE4B10036069C /* Expenses */ = {
			isa = PBXNativeTarget;
			buildConfigurationList = E1C48D5221FBE4B30036069C /* Build configuration list for PBXNativeTarget "Expenses" */;
			buildPhases = (
				E1C48D2621FBE4B10036069C /* Sources */,
				E1C48D2721FBE4B10036069C /* Frameworks */,
				E1C48D2821FBE4B10036069C /* Resources */,
			);
			buildRules = (
			);
			dependencies = (
			);
			name = Expenses;
			productName = Expenses;
			productReference = E1C48D2A21FBE4B10036069C /* Expenses.app */;
			productType = "com.apple.product-type.application";
		};
		E1C48D3D21FBE4B30036069C /* ExpensesTests */ = {
			isa = PBXNativeTarget;
			buildConfigurationList = E1C48D5521FBE4B30036069C /* Build configuration list for PBXNativeTarget "ExpensesTests" */;
			buildPhases = (
				E1C48D3A21FBE4B30036069C /* Sources */,
				E1C48D3B21FBE4B30036069C /* Frameworks */,
				E1C48D3C21FBE4B30036069C /* Resources */,
			);
			buildRules = (
			);
			dependencies = (
				E1C48D4021FBE4B30036069C /* PBXTargetDependency */,
			);
			name = ExpensesTests;
			productName = ExpensesTests;
			productReference = E1C48D3E21FBE4B30036069C /* ExpensesTests.xctest */;
			productType = "com.apple.product-type.bundle.unit-test";
		};
		E1C48D4821FBE4B30036069C /* ExpensesUITests */ = {
			isa = PBXNativeTarget;
			buildConfigurationList = E1C48D5821FBE4B30036069C /* Build configuration list for PBXNativeTarget "ExpensesUITests" */;
			buildPhases = (
				E1C48D4521FBE4B30036069C /* Sources */,
				E1C48D4621FBE4B30036069C /* Frameworks */,
				E1C48D4721FBE4B30036069C /* Resources */,
			);
			buildRules = (
			);
			dependencies = (
				E1C48D4B21FBE4B30036069C /* PBXTargetDependency */,
			);
			name = ExpensesUITests;
			productName = ExpensesUITests;
			productReference = E1C48D4921FBE4B30036069C /* ExpensesUITests.xctest */;
			productType = "com.apple.product-type.bundle.ui-testing";
		};
/* End PBXNativeTarget section */

/* Begin PBXProject section */
		E1C48D2221FBE4B10036069C /* Project object */ = {
			isa = PBXProject;
			attributes = {
				LastSwiftUpdateCheck = 0940;
				LastUpgradeCheck = 0940;
				ORGANIZATIONNAME = "Deng tianyuan";
				TargetAttributes = {
					E1C48D2921FBE4B10036069C = {
						CreatedOnToolsVersion = 9.4.1;
						LastSwiftMigration = 0940;
					};
					E1C48D3D21FBE4B30036069C = {
						CreatedOnToolsVersion = 9.4.1;
						TestTargetID = E1C48D2921FBE4B10036069C;
					};
					E1C48D4821FBE4B30036069C = {
						CreatedOnToolsVersion = 9.4.1;
						TestTargetID = E1C48D2921FBE4B10036069C;
					};
				};
			};
			buildConfigurationList = E1C48D2521FBE4B10036069C /* Build configuration list for PBXProject "Expenses" */;
			compatibilityVersion = "Xcode 9.3";
			developmentRegion = en;
			hasScannedForEncodings = 0;
			knownRegions = (
				en,
				Base,
			);
			mainGroup = E1C48D2121FBE4B10036069C;
			productRefGroup = E1C48D2B21FBE4B10036069C /* Products */;
			projectDirPath = "";
			projectRoot = "";
			targets = (
				E1C48D2921FBE4B10036069C /* Expenses */,
				E1C48D3D21FBE4B30036069C /* ExpensesTests */,
				E1C48D4821FBE4B30036069C /* ExpensesUITests */,
			);
		};
/* End PBXProject section */

/* Begin PBXResourcesBuildPhase section */
		E1C48D2821FBE4B10036069C /* Resources */ = {
			isa = PBXResourcesBuildPhase;
			buildActionMask = 2147483647;
			files = (
				E1C48D3821FBE4B30036069C /* LaunchScreen.storyboard in Resources */,
				E1C48D3521FBE4B30036069C /* Assets.xcassets in Resources */,
				E1C48D3321FBE4B10036069C /* Main.storyboard in Resources */,
			);
			runOnlyForDeploymentPostprocessing = 0;
		};
		E1C48D3C21FBE4B30036069C /* Resources */ = {
			isa = PBXResourcesBuildPhase;
			buildActionMask = 2147483647;
			files = (
			);
			runOnlyForDeploymentPostprocessing = 0;
		};
		E1C48D4721FBE4B30036069C /* Resources */ = {
			isa = PBXResourcesBuildPhase;
			buildActionMask = 2147483647;
			files = (
			);
			runOnlyForDeploymentPostprocessing = 0;
		};
/* End PBXResourcesBuildPhase section */

/* Begin PBXSourcesBuildPhase section */
		E1C48D2621FBE4B10036069C /* Sources */ = {
			isa = PBXSourcesBuildPhase;
			buildActionMask = 2147483647;
			files = (
				E1C48D6821FBF9F80036069C /* Expenses.swift in Sources */,
				E1C48D5C21FBE8CB0036069C /* ExpensesEventViewController.swift in Sources */,
				E1C48D2E21FBE4B10036069C /* AppDelegate.swift in Sources */,
				E1C48D5E21FBEF330036069C /* ExpensesTableViewCell.swift in Sources */,
			);
			runOnlyForDeploymentPostprocessing = 0;
		};
		E1C48D3A21FBE4B30036069C /* Sources */ = {
			isa = PBXSourcesBuildPhase;
			buildActionMask = 2147483647;
			files = (
				E1C48D4321FBE4B30036069C /* ExpensesTests.swift in Sources */,
			);
			runOnlyForDeploymentPostprocessing = 0;
		};
		E1C48D4521FBE4B30036069C /* Sources */ = {
			isa = PBXSourcesBuildPhase;
			buildActionMask = 2147483647;
			files = (
				E1C48D4E21FBE4B30036069C /* ExpensesUITests.swift in Sources */,
			);
			runOnlyForDeploymentPostprocessing = 0;
		};
/* End PBXSourcesBuildPhase section */

/* Begin PBXTargetDependency section */
		E1C48D4021FBE4B30036069C /* PBXTargetDependency */ = {
			isa = PBXTargetDependency;
			target = E1C48D2921FBE4B10036069C /* Expenses */;
			targetProxy = E1C48D3F21FBE4B30036069C /* PBXContainerItemProxy */;
		};
		E1C48D4B21FBE4B30036069C /* PBXTargetDependency */ = {
			isa = PBXTargetDependency;
			target = E1C48D2921FBE4B10036069C /* Expenses */;
			targetProxy = E1C48D4A21FBE4B30036069C /* PBXContainerItemProxy */;
		};
/* End PBXTargetDependency section */

/* Begin PBXVariantGroup section */
		E1C48D3121FBE4B10036069C /* Main.storyboard */ = {
			isa = PBXVariantGroup;
			children = (
				E1C48D3221FBE4B10036069C /* Base */,
			);
			name = Main.storyboard;
			sourceTree = "<group>";
		};
		E1C48D3621FBE4B30036069C /* LaunchScreen.storyboard */ = {
			isa = PBXVariantGroup;
			children = (
				E1C48D3721FBE4B30036069C /* Base */,
			);
			name = LaunchScreen.storyboard;
			sourceTree = "<group>";
		};
/* End PBXVariantGroup section */

/* Begin XCBuildConfiguration section */
		E1C48D5021FBE4B30036069C /* Debug */ = {
			isa = XCBuildConfiguration;
			buildSettings = {
				ALWAYS_SEARCH_USER_PATHS = NO;
				CLANG_ANALYZER_NONNULL = YES;
				CLANG_ANALYZER_NUMBER_OBJECT_CONVERSION = YES_AGGRESSIVE;
				CLANG_CXX_LANGUAGE_STANDARD = "gnu++14";
				CLANG_CXX_LIBRARY = "libc++";
				CLANG_ENABLE_MODULES = YES;
				CLANG_ENABLE_OBJC_ARC = YES;
				CLANG_ENABLE_OBJC_WEAK = YES;
				CLANG_WARN_BLOCK_CAPTURE_AUTORELEASING = YES;
				CLANG_WARN_BOOL_CONVERSION = YES;
				CLANG_WARN_COMMA = YES;
				CLANG_WARN_CONSTANT_CONVERSION = YES;
				CLANG_WARN_DEPRECATED_OBJC_IMPLEMENTATIONS = YES;
				CLANG_WARN_DIRECT_OBJC_ISA_USAGE = YES_ERROR;
				CLANG_WARN_DOCUMENTATION_COMMENTS = YES;
				CLANG_WARN_EMPTY_BODY = YES;
				CLANG_WARN_ENUM_CONVERSION = YES;
				CLANG_WARN_INFINITE_RECURSION = YES;
				CLANG_WARN_INT_CONVERSION = YES;
				CLANG_WARN_NON_LITERAL_NULL_CONVERSION = YES;
				CLANG_WARN_OBJC_IMPLICIT_RETAIN_SELF = YES;
				CLANG_WARN_OBJC_LITERAL_CONVERSION = YES;
				CLANG_WARN_OBJC_ROOT_CLASS = YES_ERROR;
				CLANG_WARN_RANGE_LOOP_ANALYSIS = YES;
				CLANG_WARN_STRICT_PROTOTYPES = YES;
				CLANG_WARN_SUSPICIOUS_MOVE = YES;
				CLANG_WARN_UNGUARDED_AVAILABILITY = YES_AGGRESSIVE;
				CLANG_WARN_UNREACHABLE_CODE = YES;
				CLANG_WARN__DUPLICATE_METHOD_MATCH = YES;
				CODE_SIGN_IDENTITY = "iPhone Developer";
				COPY_PHASE_STRIP = NO;
				DEBUG_INFORMATION_FORMAT = dwarf;
				ENABLE_STRICT_OBJC_MSGSEND = YES;
				ENABLE_TESTABILITY = YES;
				GCC_C_LANGUAGE_STANDARD = gnu11;
				GCC_DYNAMIC_NO_PIC = NO;
				GCC_NO_COMMON_BLOCKS = YES;
				GCC_OPTIMIZATION_LEVEL = 0;
				GCC_PREPROCESSOR_DEFINITIONS = (
					"DEBUG=1",
					"$(inherited)",
				);
				GCC_WARN_64_TO_32_BIT_CONVERSION = YES;
				GCC_WARN_ABOUT_RETURN_TYPE = YES_ERROR;
				GCC_WARN_UNDECLARED_SELECTOR = YES;
				GCC_WARN_UNINITIALIZED_AUTOS = YES_AGGRESSIVE;
				GCC_WARN_UNUSED_FUNCTION = YES;
				GCC_WARN_UNUSED_VARIABLE = YES;
				IPHONEOS_DEPLOYMENT_TARGET = 11.4;
				MTL_ENABLE_DEBUG_INFO = YES;
				ONLY_ACTIVE_ARCH = YES;
				SDKROOT = iphoneos;
				SWIFT_ACTIVE_COMPILATION_CONDITIONS = DEBUG;
				SWIFT_OPTIMIZATION_LEVEL = "-Onone";
			};
			name = Debug;
		};
		E1C48D5121FBE4B30036069C /* Release */ = {
			isa = XCBuildConfiguration;
			buildSettings = {
				ALWAYS_SEARCH_USER_PATHS = NO;
				CLANG_ANALYZER_NONNULL = YES;
				CLANG_ANALYZER_NUMBER_OBJECT_CONVERSION = YES_AGGRESSIVE;
				CLANG_CXX_LANGUAGE_STANDARD = "gnu++14";
				CLANG_CXX_LIBRARY = "libc++";
				CLANG_ENABLE_MODULES = YES;
				CLANG_ENABLE_OBJC_ARC = YES;
				CLANG_ENABLE_OBJC_WEAK = YES;
				CLANG_WARN_BLOCK_CAPTURE_AUTORELEASING = YES;
				CLANG_WARN_BOOL_CONVERSION = YES;
				CLANG_WARN_COMMA = YES;
				CLANG_WARN_CONSTANT_CONVERSION = YES;
				CLANG_WARN_DEPRECATED_OBJC_IMPLEMENTATIONS = YES;
				CLANG_WARN_DIRECT_OBJC_ISA_USAGE = YES_ERROR;
				CLANG_WARN_DOCUMENTATION_COMMENTS = YES;
				CLANG_WARN_EMPTY_BODY = YES;
				CLANG_WARN_ENUM_CONVERSION = YES;
				CLANG_WARN_INFINITE_RECURSION = YES;
				CLANG_WARN_INT_CONVERSION = YES;
				CLANG_WARN_NON_LITERAL_NULL_CONVERSION = YES;
				CLANG_WARN_OBJC_IMPLICIT_RETAIN_SELF = YES;
				CLANG_WARN_OBJC_LITERAL_CONVERSION = YES;
				CLANG_WARN_OBJC_ROOT_CLASS = YES_ERROR;
				CLANG_WARN_RANGE_LOOP_ANALYSIS = YES;
				CLANG_WARN_STRICT_PROTOTYPES = YES;
				CLANG_WARN_SUSPICIOUS_MOVE = YES;
				CLANG_WARN_UNGUARDED_AVAILABILITY = YES_AGGRESSIVE;
				CLANG_WARN_UNREACHABLE_CODE = YES;
				CLANG_WARN__DUPLICATE_METHOD_MATCH = YES;
				CODE_SIGN_IDENTITY = "iPhone Developer";
				COPY_PHASE_STRIP = NO;
				DEBUG_INFORMATION_FORMAT = "dwarf-with-dsym";
				ENABLE_NS_ASSERTIONS = NO;
				ENABLE_STRICT_OBJC_MSGSEND = YES;
				GCC_C_LANGUAGE_STANDARD = gnu11;
				GCC_NO_COMMON_BLOCKS = YES;
				GCC_WARN_64_TO_32_BIT_CONVERSION = YES;
				GCC_WARN_ABOUT_RETURN_TYPE = YES_ERROR;
				GCC_WARN_UNDECLARED_SELECTOR = YES;
				GCC_WARN_UNINITIALIZED_AUTOS = YES_AGGRESSIVE;
				GCC_WARN_UNUSED_FUNCTION = YES;
				GCC_WARN_UNUSED_VARIABLE = YES;
				IPHONEOS_DEPLOYMENT_TARGET = 11.4;
				MTL_ENABLE_DEBUG_INFO = NO;
				SDKROOT = iphoneos;
				SWIFT_COMPILATION_MODE = wholemodule;
				SWIFT_OPTIMIZATION_LEVEL = "-O";
				VALIDATE_PRODUCT = YES;
			};
			name = Release;
		};
		E1C48D5321FBE4B30036069C /* Debug */ = {
			isa = XCBuildConfiguration;
			buildSettings = {
				ASSETCATALOG_COMPILER_APPICON_NAME = AppIcon;
				CLANG_ENABLE_MODULES = YES;
				CODE_SIGN_STYLE = Automatic;
				INFOPLIST_FILE = Expenses/Info.plist;
				LD_RUNPATH_SEARCH_PATHS = (
					"$(inherited)",
					"@executable_path/Frameworks",
				);
				PRODUCT_BUNDLE_IDENTIFIER = ll.Expenses;
				PRODUCT_NAME = "$(TARGET_NAME)";
				SWIFT_OPTIMIZATION_LEVEL = "-Onone";
				SWIFT_VERSION = 4.0;
				TARGETED_DEVICE_FAMILY = "1,2";
			};
			name = Debug;
		};
		E1C48D5421FBE4B30036069C /* Release */ = {
			isa = XCBuildConfiguration;
			buildSettings = {
				ASSETCATALOG_COMPILER_APPICON_NAME = AppIcon;
				CLANG_ENABLE_MODULES = YES;
				CODE_SIGN_STYLE = Automatic;
				INFOPLIST_FILE = Expenses/Info.plist;
				LD_RUNPATH_SEARCH_PATHS = (
					"$(inherited)",
					"@executable_path/Frameworks",
				);
				PRODUCT_BUNDLE_IDENTIFIER = ll.Expenses;
				PRODUCT_NAME = "$(TARGET_NAME)";
				SWIFT_VERSION = 4.0;
				TARGETED_DEVICE_FAMILY = "1,2";
			};
			name = Release;
		};
		E1C48D5621FBE4B30036069C /* Debug */ = {
			isa = XCBuildConfiguration;
			buildSettings = {
				ALWAYS_EMBED_SWIFT_STANDARD_LIBRARIES = YES;
				BUNDLE_LOADER = "$(TEST_HOST)";
				CODE_SIGN_STYLE = Automatic;
				INFOPLIST_FILE = ExpensesTests/Info.plist;
				LD_RUNPATH_SEARCH_PATHS = (
					"$(inherited)",
					"@executable_path/Frameworks",
					"@loader_path/Frameworks",
				);
				PRODUCT_BUNDLE_IDENTIFIER = ll.ExpensesTests;
				PRODUCT_NAME = "$(TARGET_NAME)";
				SWIFT_VERSION = 4.0;
				TARGETED_DEVICE_FAMILY = "1,2";
				TEST_HOST = "$(BUILT_PRODUCTS_DIR)/Expenses.app/Expenses";
			};
			name = Debug;
		};
		E1C48D5721FBE4B30036069C /* Release */ = {
			isa = XCBuildConfiguration;
			buildSettings = {
				ALWAYS_EMBED_SWIFT_STANDARD_LIBRARIES = YES;
				BUNDLE_LOADER = "$(TEST_HOST)";
				CODE_SIGN_STYLE = Automatic;
				INFOPLIST_FILE = ExpensesTests/Info.plist;
				LD_RUNPATH_SEARCH_PATHS = (
					"$(inherited)",
					"@executable_path/Frameworks",
					"@loader_path/Frameworks",
				);
				PRODUCT_BUNDLE_IDENTIFIER = ll.ExpensesTests;
				PRODUCT_NAME = "$(TARGET_NAME)";
				SWIFT_VERSION = 4.0;
				TARGETED_DEVICE_FAMILY = "1,2";
				TEST_HOST = "$(BUILT_PRODUCTS_DIR)/Expenses.app/Expenses";
			};
			name = Release;
		};
		E1C48D5921FBE4B30036069C /* Debug */ = {
			isa = XCBuildConfiguration;
			buildSettings = {
				ALWAYS_EMBED_SWIFT_STANDARD_LIBRARIES = YES;
				CODE_SIGN_STYLE = Automatic;
				INFOPLIST_FILE = ExpensesUITests/Info.plist;
				LD_RUNPATH_SEARCH_PATHS = (
					"$(inherited)",
					"@executable_path/Frameworks",
					"@loader_path/Frameworks",
				);
				PRODUCT_BUNDLE_IDENTIFIER = ll.ExpensesUITests;
				PRODUCT_NAME = "$(TARGET_NAME)";
				SWIFT_VERSION = 4.0;
				TARGETED_DEVICE_FAMILY = "1,2";
				TEST_TARGET_NAME = Expenses;
			};
			name = Debug;
		};
		E1C48D5A21FBE4B30036069C /* Release */ = {
			isa = XCBuildConfiguration;
			buildSettings = {
				ALWAYS_EMBED_SWIFT_STANDARD_LIBRARIES = YES;
				CODE_SIGN_STYLE = Automatic;
				INFOPLIST_FILE = ExpensesUITests/Info.plist;
				LD_RUNPATH_SEARCH_PATHS = (
					"$(inherited)",
					"@executable_path/Frameworks",
					"@loader_path/Frameworks",
				);
				PRODUCT_BUNDLE_IDENTIFIER = ll.ExpensesUITests;
				PRODUCT_NAME = "$(TARGET_NAME)";
				SWIFT_VERSION = 4.0;
				TARGETED_DEVICE_FAMILY = "1,2";
				TEST_TARGET_NAME = Expenses;
			};
			name = Release;
		};
/* End XCBuildConfiguration section */

/* Begin XCConfigurationList section */
		E1C48D2521FBE4B10036069C /* Build configuration list for PBXProject "Expenses" */ = {
			isa = XCConfigurationList;
			buildConfigurations = (
				E1C48D5021FBE4B30036069C /* Debug */,
				E1C48D5121FBE4B30036069C /* Release */,
			);
			defaultConfigurationIsVisible = 0;
			defaultConfigurationName = Release;
		};
		E1C48D5221FBE4B30036069C /* Build configuration list for PBXNativeTarget "Expenses" */ = {
			isa = XCConfigurationList;
			buildConfigurations = (
				E1C48D5321FBE4B30036069C /* Debug */,
				E1C48D5421FBE4B30036069C /* Release */,
			);
			defaultConfigurationIsVisible = 0;
			defaultConfigurationName = Release;
		};
		E1C48D5521FBE4B30036069C /* Build configuration list for PBXNativeTarget "ExpensesTests" */ = {
			isa = XCConfigurationList;
			buildConfigurations = (
				E1C48D5621FBE4B30036069C /* Debug */,
				E1C48D5721FBE4B30036069C /* Release */,
			);
			defaultConfigurationIsVisible = 0;
			defaultConfigurationName = Release;
		};
		E1C48D5821FBE4B30036069C /* Build configuration list for PBXNativeTarget "ExpensesUITests" */ = {
			isa = XCConfigurationList;
			buildConfigurations = (
				E1C48D5921FBE4B30036069C /* Debug */,
				E1C48D5A21FBE4B30036069C /* Release */,
			);
			defaultConfigurationIsVisible = 0;
			defaultConfigurationName = Release;
		};
/* End XCConfigurationList section */
	};
	rootObject = E1C48D2221FBE4B10036069C /* Project object */;
}
